
Microsoft Visual Studio Solution File, Format Version 12.00
# Visual Studio Version 17
VisualStudioVersion = 17.4.33205.214
MinimumVisualStudioVersion = 10.0.40219.1
Project("{9A19103F-16F7-4668-BE54-9A1E7A4F7556}") = "Gengar", "Gengar\Gengar.csproj", "{77985D9A-EFB5-4E80-8EF6-83B2CD51BD58}"
EndProject
Global
	GlobalSection(SolutionConfigurationPlatforms) = preSolution
		Debug|Any CPU = Debug|Any CPU
		Release|Any CPU = Release|Any CPU
	EndGlobalSection
	GlobalSection(ProjectConfigurationPlatforms) = postSolution
		{77985D9A-EFB5-4E80-8EF6-83B2CD51BD58}.Debug|Any CPU.ActiveCfg = Debug|Any CPU
		{77985D9A-EFB5-4E80-8EF6-83B2CD51BD58}.Debug|Any CPU.Build.0 = Debug|Any CPU
		{77985D9A-EFB5-4E80-8EF6-83B2CD51BD58}.Release|Any CPU.ActiveCfg = Release|Any CPU
		{77985D9A-EFB5-4E80-8EF6-83B2CD51BD58}.Release|Any CPU.Build.0 = Release|Any CPU
	EndGlobalSection
	GlobalSection(SolutionProperties) = preSolution
		HideSolutionNode = FALSE
	EndGlobalSection
	GlobalSection(ExtensibilityGlobals) = postSolution
		SolutionGuid = {41DE5DAE-131E-4116-92BD-38B7223F1DBA}
	EndGlobalSection
EndGlobal
